// !$*UTF8*$!
{
	archiveVersion = 1;
	classes = {
	};
	objectVersion = 56;
	objects = {

/* Begin PBXBuildFile section */
		09279F0F29470FAC008EC6FA /* LockScreen_DockApp.swift in Sources */ = {isa = PBXBuildFile; fileRef = 09279F0E29470FAC008EC6FA /* LockScreen_DockApp.swift */; };
		09279F1129470FAC008EC6FA /* ContentView.swift in Sources */ = {isa = PBXBuildFile; fileRef = 09279F1029470FAC008EC6FA /* ContentView.swift */; };
		09279F1329470FAF008EC6FA /* Assets.xcassets in Resources */ = {isa = PBXBuildFile; fileRef = 09279F1229470FAF008EC6FA /* Assets.xcassets */; };
		09279F1629470FAF008EC6FA /* Preview Assets.xcassets in Resources */ = {isa = PBXBuildFile; fileRef = 09279F1529470FAF008EC6FA /* Preview Assets.xcassets */; };
		09F5C1732947169400F40C9D /* AppLink.swift in Sources */ = {isa = PBXBuildFile; fileRef = 09F5C1722947169400F40C9D /* AppLink.swift */; };
		09F5C178294719E000F40C9D /* Home.swift in Sources */ = {isa = PBXBuildFile; fileRef = 09F5C177294719E000F40C9D /* Home.swift */; };
		09F5C18029472F3B00F40C9D /* WidgetKit.framework in Frameworks */ = {isa = PBXBuildFile; fileRef = 09F5C17F29472F3B00F40C9D /* WidgetKit.framework */; };
		09F5C18229472F3B00F40C9D /* SwiftUI.framework in Frameworks */ = {isa = PBXBuildFile; fileRef = 09F5C18129472F3B00F40C9D /* SwiftUI.framework */; };
		09F5C18529472F3B00F40C9D /* DockBundle.swift in Sources */ = {isa = PBXBuildFile; fileRef = 09F5C18429472F3B00F40C9D /* DockBundle.swift */; };
		09F5C18729472F3B00F40C9D /* DockLiveActivity.swift in Sources */ = {isa = PBXBuildFile; fileRef = 09F5C18629472F3B00F40C9D /* DockLiveActivity.swift */; };
		09F5C18929472F3B00F40C9D /* Dock.swift in Sources */ = {isa = PBXBuildFile; fileRef = 09F5C18829472F3B00F40C9D /* Dock.swift */; };
		09F5C18B29472F4000F40C9D /* Assets.xcassets in Resources */ = {isa = PBXBuildFile; fileRef = 09F5C18A29472F4000F40C9D /* Assets.xcassets */; };
		09F5C18F29472F4000F40C9D /* DockExtension.appex in Embed Foundation Extensions */ = {isa = PBXBuildFile; fileRef = 09F5C17D29472F3B00F40C9D /* DockExtension.appex */; settings = {ATTRIBUTES = (RemoveHeadersOnCopy, ); }; };
		09F5C19529472F9900F40C9D /* DocksAttributes.swift in Sources */ = {isa = PBXBuildFile; fileRef = 09F5C19429472F9900F40C9D /* DocksAttributes.swift */; };
		09F5C196294730D000F40C9D /* DocksAttributes.swift in Sources */ = {isa = PBXBuildFile; fileRef = 09F5C19429472F9900F40C9D /* DocksAttributes.swift */; };
		09F5C197294730DF00F40C9D /* AppLink.swift in Sources */ = {isa = PBXBuildFile; fileRef = 09F5C1722947169400F40C9D /* AppLink.swift */; };
/* End PBXBuildFile section */

/* Begin PBXContainerItemProxy section */
		09F5C18D29472F4000F40C9D /* PBXContainerItemProxy */ = {
			isa = PBXContainerItemProxy;
			containerPortal = 09279F0329470FAC008EC6FA /* Project object */;
			proxyType = 1;
			remoteGlobalIDString = 09F5C17C29472F3B00F40C9D;
			remoteInfo = DockExtension;
		};
/* End PBXContainerItemProxy section */

/* Begin PBXCopyFilesBuildPhase section */
		09F5C19329472F4000F40C9D /* Embed Foundation Extensions */ = {
			isa = PBXCopyFilesBuildPhase;
			buildActionMask = 2147483647;
			dstPath = "";
			dstSubfolderSpec = 13;
			files = (
				09F5C18F29472F4000F40C9D /* DockExtension.appex in Embed Foundation Extensions */,
			);
			name = "Embed Foundation Extensions";
			runOnlyForDeploymentPostprocessing = 0;
		};
/* End PBXCopyFilesBuildPhase section */

/* Begin PBXFileReference section */
		09279F0B29470FAC008EC6FA /* LockScreen Dock.app */ = {isa = PBXFileReference; explicitFileType = wrapper.application; includeInIndex = 0; path = "LockScreen Dock.app"; sourceTree = BUILT_PRODUCTS_DIR; };
		09279F0E29470FAC008EC6FA /* LockScreen_DockApp.swift */ = {isa = PBXFileReference; lastKnownFileType = sourcecode.swift; path = LockScreen_DockApp.swift; sourceTree = "<group>"; };
		09279F1029470FAC008EC6FA /* ContentView.swift */ = {isa = PBXFileReference; lastKnownFileType = sourcecode.swift; path = ContentView.swift; sourceTree = "<group>"; };
		09279F1229470FAF008EC6FA /* Assets.xcassets */ = {isa = PBXFileReference; lastKnownFileType = folder.assetcatalog; path = Assets.xcassets; sourceTree = "<group>"; };
		09279F1529470FAF008EC6FA /* Preview Assets.xcassets */ = {isa = PBXFileReference; lastKnownFileType = folder.assetcatalog; path = "Preview Assets.xcassets"; sourceTree = "<group>"; };
		09F5C1722947169400F40C9D /* AppLink.swift */ = {isa = PBXFileReference; lastKnownFileType = sourcecode.swift; path = AppLink.swift; sourceTree = "<group>"; };
		09F5C174294718C200F40C9D /* LockScreen-Dock-Info.plist */ = {isa = PBXFileReference; lastKnownFileType = text.plist; path = "LockScreen-Dock-Info.plist"; sourceTree = SOURCE_ROOT; };
		09F5C177294719E000F40C9D /* Home.swift */ = {isa = PBXFileReference; lastKnownFileType = sourcecode.swift; path = Home.swift; sourceTree = "<group>"; };
		09F5C17D29472F3B00F40C9D /* DockExtension.appex */ = {isa = PBXFileReference; explicitFileType = "wrapper.app-extension"; includeInIndex = 0; path = DockExtension.appex; sourceTree = BUILT_PRODUCTS_DIR; };
		09F5C17F29472F3B00F40C9D /* WidgetKit.framework */ = {isa = PBXFileReference; lastKnownFileType = wrapper.framework; name = WidgetKit.framework; path = System/Library/Frameworks/WidgetKit.framework; sourceTree = SDKROOT; };
		09F5C18129472F3B00F40C9D /* SwiftUI.framework */ = {isa = PBXFileReference; lastKnownFileType = wrapper.framework; name = SwiftUI.framework; path = System/Library/Frameworks/SwiftUI.framework; sourceTree = SDKROOT; };
		09F5C18429472F3B00F40C9D /* DockBundle.swift */ = {isa = PBXFileReference; lastKnownFileType = sourcecode.swift; path = DockBundle.swift; sourceTree = "<group>"; };
		09F5C18629472F3B00F40C9D /* DockLiveActivity.swift */ = {isa = PBXFileReference; lastKnownFileType = sourcecode.swift; path = DockLiveActivity.swift; sourceTree = "<group>"; };
		09F5C18829472F3B00F40C9D /* Dock.swift */ = {isa = PBXFileReference; lastKnownFileType = sourcecode.swift; path = Dock.swift; sourceTree = "<group>"; };
		09F5C18A29472F4000F40C9D /* Assets.xcassets */ = {isa = PBXFileReference; lastKnownFileType = folder.assetcatalog; path = Assets.xcassets; sourceTree = "<group>"; };
		09F5C18C29472F4000F40C9D /* Info.plist */ = {isa = PBXFileReference; lastKnownFileType = text.plist.xml; path = Info.plist; sourceTree = "<group>"; };
		09F5C19429472F9900F40C9D /* DocksAttributes.swift */ = {isa = PBXFileReference; lastKnownFileType = sourcecode.swift; path = DocksAttributes.swift; sourceTree = "<group>"; };
/* End PBXFileReference section */

/* Begin PBXFrameworksBuildPhase section */
		09279F0829470FAC008EC6FA /* Frameworks */ = {
			isa = PBXFrameworksBuildPhase;
			buildActionMask = 2147483647;
			files = (
			);
			runOnlyForDeploymentPostprocessing = 0;
		};
		09F5C17A29472F3B00F40C9D /* Frameworks */ = {
			isa = PBXFrameworksBuildPhase;
			buildActionMask = 2147483647;
			files = (
				09F5C18229472F3B00F40C9D /* SwiftUI.framework in Frameworks */,
				09F5C18029472F3B00F40C9D /* WidgetKit.framework in Frameworks */,
			);
			runOnlyForDeploymentPostprocessing = 0;
		};
/* End PBXFrameworksBuildPhase section */

/* Begin PBXGroup section */
		09279F0229470FAC008EC6FA = {
			isa = PBXGroup;
			children = (
				09279F0D29470FAC008EC6FA /* LockScreen Dock */,
				09F5C18329472F3B00F40C9D /* Dock */,
				09F5C17E29472F3B00F40C9D /* Frameworks */,
				09279F0C29470FAC008EC6FA /* Products */,
			);
			sourceTree = "<group>";
		};
		09279F0C29470FAC008EC6FA /* Products */ = {
			isa = PBXGroup;
			children = (
				09279F0B29470FAC008EC6FA /* LockScreen Dock.app */,
				09F5C17D29472F3B00F40C9D /* DockExtension.appex */,
			);
			name = Products;
			sourceTree = "<group>";
		};
		09279F0D29470FAC008EC6FA /* LockScreen Dock */ = {
			isa = PBXGroup;
			children = (
				09F5C174294718C200F40C9D /* LockScreen-Dock-Info.plist */,
				09F5C1712947166A00F40C9D /* View */,
				09F5C1702947165B00F40C9D /* Model */,
				09279F0E29470FAC008EC6FA /* LockScreen_DockApp.swift */,
				09279F1029470FAC008EC6FA /* ContentView.swift */,
				09279F1229470FAF008EC6FA /* Assets.xcassets */,
				09279F1429470FAF008EC6FA /* Preview Content */,
			);
			path = "LockScreen Dock";
			sourceTree = "<group>";
		};
		09279F1429470FAF008EC6FA /* Preview Content */ = {
			isa = PBXGroup;
			children = (
				09279F1529470FAF008EC6FA /* Preview Assets.xcassets */,
			);
			path = "Preview Content";
			sourceTree = "<group>";
		};
		09F5C1702947165B00F40C9D /* Model */ = {
			isa = PBXGroup;
			children = (
				09F5C1722947169400F40C9D /* AppLink.swift */,
				09F5C19429472F9900F40C9D /* DocksAttributes.swift */,
			);
			path = Model;
			sourceTree = "<group>";
		};
		09F5C1712947166A00F40C9D /* View */ = {
			isa = PBXGroup;
			children = (
				09F5C177294719E000F40C9D /* Home.swift */,
			);
			path = View;
			sourceTree = "<group>";
		};
		09F5C17E29472F3B00F40C9D /* Frameworks */ = {
			isa = PBXGroup;
			children = (
				09F5C17F29472F3B00F40C9D /* WidgetKit.framework */,
				09F5C18129472F3B00F40C9D /* SwiftUI.framework */,
			);
			name = Frameworks;
			sourceTree = "<group>";
		};
		09F5C18329472F3B00F40C9D /* Dock */ = {
			isa = PBXGroup;
			children = (
				09F5C18429472F3B00F40C9D /* DockBundle.swift */,
				09F5C18629472F3B00F40C9D /* DockLiveActivity.swift */,
				09F5C18829472F3B00F40C9D /* Dock.swift */,
				09F5C18A29472F4000F40C9D /* Assets.xcassets */,
				09F5C18C29472F4000F40C9D /* Info.plist */,
			);
			path = Dock;
			sourceTree = "<group>";
		};
/* End PBXGroup section */

/* Begin PBXNativeTarget section */
		09279F0A29470FAC008EC6FA /* LockScreen Dock */ = {
			isa = PBXNativeTarget;
			buildConfigurationList = 09279F1929470FAF008EC6FA /* Build configuration list for PBXNativeTarget "LockScreen Dock" */;
			buildPhases = (
				09279F0729470FAC008EC6FA /* Sources */,
				09279F0829470FAC008EC6FA /* Frameworks */,
				09279F0929470FAC008EC6FA /* Resources */,
				09F5C19329472F4000F40C9D /* Embed Foundation Extensions */,
			);
			buildRules = (
			);
			dependencies = (
				09F5C18E29472F4000F40C9D /* PBXTargetDependency */,
			);
			name = "LockScreen Dock";
			productName = "LockScreen Dock";
			productReference = 09279F0B29470FAC008EC6FA /* LockScreen Dock.app */;
			productType = "com.apple.product-type.application";
		};
		09F5C17C29472F3B00F40C9D /* DockExtension */ = {
			isa = PBXNativeTarget;
			buildConfigurationList = 09F5C19029472F4000F40C9D /* Build configuration list for PBXNativeTarget "DockExtension" */;
			buildPhases = (
				09F5C17929472F3B00F40C9D /* Sources */,
				09F5C17A29472F3B00F40C9D /* Frameworks */,
				09F5C17B29472F3B00F40C9D /* Resources */,
			);
			buildRules = (
			);
			dependencies = (
			);
			name = DockExtension;
			productName = DockExtension;
			productReference = 09F5C17D29472F3B00F40C9D /* DockExtension.appex */;
			productType = "com.apple.product-type.app-extension";
		};
/* End PBXNativeTarget section */

/* Begin PBXProject section */
		09279F0329470FAC008EC6FA /* Project object */ = {
			isa = PBXProject;
			attributes = {
				BuildIndependentTargetsInParallel = 1;
				LastSwiftUpdateCheck = 1410;
				LastUpgradeCheck = 1410;
				TargetAttributes = {
					09279F0A29470FAC008EC6FA = {
						CreatedOnToolsVersion = 14.1;
					};
					09F5C17C29472F3B00F40C9D = {
						CreatedOnToolsVersion = 14.1;
					};
				};
			};
			buildConfigurationList = 09279F0629470FAC008EC6FA /* Build configuration list for PBXProject "LockScreen Dock" */;
			compatibilityVersion = "Xcode 14.0";
			developmentRegion = en;
			hasScannedForEncodings = 0;
			knownRegions = (
				en,
				Base,
			);
			mainGroup = 09279F0229470FAC008EC6FA;
			productRefGroup = 09279F0C29470FAC008EC6FA /* Products */;
			projectDirPath = "";
			projectRoot = "";
			targets = (
				09279F0A29470FAC008EC6FA /* LockScreen Dock */,
				09F5C17C29472F3B00F40C9D /* DockExtension */,
			);
		};
/* End PBXProject section */

/* Begin PBXResourcesBuildPhase section */
		09279F0929470FAC008EC6FA /* Resources */ = {
			isa = PBXResourcesBuildPhase;
			buildActionMask = 2147483647;
			files = (
				09279F1629470FAF008EC6FA /* Preview Assets.xcassets in Resources */,
				09279F1329470FAF008EC6FA /* Assets.xcassets in Resources */,
			);
			runOnlyForDeploymentPostprocessing = 0;
		};
		09F5C17B29472F3B00F40C9D /* Resources */ = {
			isa = PBXResourcesBuildPhase;
			buildActionMask = 2147483647;
			files = (
				09F5C18B29472F4000F40C9D /* Assets.xcassets in Resources */,
			);
			runOnlyForDeploymentPostprocessing = 0;
		};
/* End PBXResourcesBuildPhase section */

/* Begin PBXSourcesBuildPhase section */
		09279F0729470FAC008EC6FA /* Sources */ = {
			isa = PBXSourcesBuildPhase;
			buildActionMask = 2147483647;
			files = (
				09F5C19529472F9900F40C9D /* DocksAttributes.swift in Sources */,
				09F5C1732947169400F40C9D /* AppLink.swift in Sources */,
				09279F1129470FAC008EC6FA /* ContentView.swift in Sources */,
				09F5C178294719E000F40C9D /* Home.swift in Sources */,
				09279F0F29470FAC008EC6FA /* LockScreen_DockApp.swift in Sources */,
			);
			runOnlyForDeploymentPostprocessing = 0;
		};
		09F5C17929472F3B00F40C9D /* Sources */ = {
			isa = PBXSourcesBuildPhase;
			buildActionMask = 2147483647;
			files = (
				09F5C197294730DF00F40C9D /* AppLink.swift in Sources */,
				09F5C18529472F3B00F40C9D /* DockBundle.swift in Sources */,
				09F5C18929472F3B00F40C9D /* Dock.swift in Sources */,
				09F5C18729472F3B00F40C9D /* DockLiveActivity.swift in Sources */,
				09F5C196294730D000F40C9D /* DocksAttributes.swift in Sources */,
			);
			runOnlyForDeploymentPostprocessing = 0;
		};
/* End PBXSourcesBuildPhase section */

/* Begin PBXTargetDependency section */
		09F5C18E29472F4000F40C9D /* PBXTargetDependency */ = {
			isa = PBXTargetDependency;
			target = 09F5C17C29472F3B00F40C9D /* DockExtension */;
			targetProxy = 09F5C18D29472F4000F40C9D /* PBXContainerItemProxy */;
		};
/* End PBXTargetDependency section */

/* Begin XCBuildConfiguration section */
		09279F1729470FAF008EC6FA /* Debug */ = {
			isa = XCBuildConfiguration;
			buildSettings = {
				ALWAYS_SEARCH_USER_PATHS = NO;
				CLANG_ANALYZER_NONNULL = YES;
				CLANG_ANALYZER_NUMBER_OBJECT_CONVERSION = YES_AGGRESSIVE;
				CLANG_CXX_LANGUAGE_STANDARD = "gnu++20";
				CLANG_ENABLE_MODULES = YES;
				CLANG_ENABLE_OBJC_ARC = YES;
				CLANG_ENABLE_OBJC_WEAK = YES;
				CLANG_WARN_BLOCK_CAPTURE_AUTORELEASING = YES;
				CLANG_WARN_BOOL_CONVERSION = YES;
				CLANG_WARN_COMMA = YES;
				CLANG_WARN_CONSTANT_CONVERSION = YES;
				CLANG_WARN_DEPRECATED_OBJC_IMPLEMENTATIONS = YES;
				CLANG_WARN_DIRECT_OBJC_ISA_USAGE = YES_ERROR;
				CLANG_WARN_DOCUMENTATION_COMMENTS = YES;
				CLANG_WARN_EMPTY_BODY = YES;
				CLANG_WARN_ENUM_CONVERSION = YES;
				CLANG_WARN_INFINITE_RECURSION = YES;
				CLANG_WARN_INT_CONVERSION = YES;
				CLANG_WARN_NON_LITERAL_NULL_CONVERSION = YES;
				CLANG_WARN_OBJC_IMPLICIT_RETAIN_SELF = YES;
				CLANG_WARN_OBJC_LITERAL_CONVERSION = YES;
				CLANG_WARN_OBJC_ROOT_CLASS = YES_ERROR;
				CLANG_WARN_QUOTED_INCLUDE_IN_FRAMEWORK_HEADER = YES;
				CLANG_WARN_RANGE_LOOP_ANALYSIS = YES;
				CLANG_WARN_STRICT_PROTOTYPES = YES;
				CLANG_WARN_SUSPICIOUS_MOVE = YES;
				CLANG_WARN_UNGUARDED_AVAILABILITY = YES_AGGRESSIVE;
				CLANG_WARN_UNREACHABLE_CODE = YES;
				CLANG_WARN__DUPLICATE_METHOD_MATCH = YES;
				COPY_PHASE_STRIP = NO;
				DEBUG_INFORMATION_FORMAT = dwarf;
				ENABLE_STRICT_OBJC_MSGSEND = YES;
				ENABLE_TESTABILITY = YES;
				GCC_C_LANGUAGE_STANDARD = gnu11;
				GCC_DYNAMIC_NO_PIC = NO;
				GCC_NO_COMMON_BLOCKS = YES;
				GCC_OPTIMIZATION_LEVEL = 0;
				GCC_PREPROCESSOR_DEFINITIONS = (
					"DEBUG=1",
					"$(inherited)",
				);
				GCC_WARN_64_TO_32_BIT_CONVERSION = YES;
				GCC_WARN_ABOUT_RETURN_TYPE = YES_ERROR;
				GCC_WARN_UNDECLARED_SELECTOR = YES;
				GCC_WARN_UNINITIALIZED_AUTOS = YES_AGGRESSIVE;
				GCC_WARN_UNUSED_FUNCTION = YES;
				GCC_WARN_UNUSED_VARIABLE = YES;
				IPHONEOS_DEPLOYMENT_TARGET = 16.1;
				MTL_ENABLE_DEBUG_INFO = INCLUDE_SOURCE;
				MTL_FAST_MATH = YES;
				ONLY_ACTIVE_ARCH = YES;
				SDKROOT = iphoneos;
				SWIFT_ACTIVE_COMPILATION_CONDITIONS = DEBUG;
				SWIFT_OPTIMIZATION_LEVEL = "-Onone";
			};
			name = Debug;
		};
		09279F1829470FAF008EC6FA /* Release */ = {
			isa = XCBuildConfiguration;
			buildSettings = {
				ALWAYS_SEARCH_USER_PATHS = NO;
				CLANG_ANALYZER_NONNULL = YES;
				CLANG_ANALYZER_NUMBER_OBJECT_CONVERSION = YES_AGGRESSIVE;
				CLANG_CXX_LANGUAGE_STANDARD = "gnu++20";
				CLANG_ENABLE_MODULES = YES;
				CLANG_ENABLE_OBJC_ARC = YES;
				CLANG_ENABLE_OBJC_WEAK = YES;
				CLANG_WARN_BLOCK_CAPTURE_AUTORELEASING = YES;
				CLANG_WARN_BOOL_CONVERSION = YES;
				CLANG_WARN_COMMA = YES;
				CLANG_WARN_CONSTANT_CONVERSION = YES;
				CLANG_WARN_DEPRECATED_OBJC_IMPLEMENTATIONS = YES;
				CLANG_WARN_DIRECT_OBJC_ISA_USAGE = YES_ERROR;
				CLANG_WARN_DOCUMENTATION_COMMENTS = YES;
				CLANG_WARN_EMPTY_BODY = YES;
				CLANG_WARN_ENUM_CONVERSION = YES;
				CLANG_WARN_INFINITE_RECURSION = YES;
				CLANG_WARN_INT_CONVERSION = YES;
				CLANG_WARN_NON_LITERAL_NULL_CONVERSION = YES;
				CLANG_WARN_OBJC_IMPLICIT_RETAIN_SELF = YES;
				CLANG_WARN_OBJC_LITERAL_CONVERSION = YES;
				CLANG_WARN_OBJC_ROOT_CLASS = YES_ERROR;
				CLANG_WARN_QUOTED_INCLUDE_IN_FRAMEWORK_HEADER = YES;
				CLANG_WARN_RANGE_LOOP_ANALYSIS = YES;
				CLANG_WARN_STRICT_PROTOTYPES = YES;
				CLANG_WARN_SUSPICIOUS_MOVE = YES;
				CLANG_WARN_UNGUARDED_AVAILABILITY = YES_AGGRESSIVE;
				CLANG_WARN_UNREACHABLE_CODE = YES;
				CLANG_WARN__DUPLICATE_METHOD_MATCH = YES;
				COPY_PHASE_STRIP = NO;
				DEBUG_INFORMATION_FORMAT = "dwarf-with-dsym";
				ENABLE_NS_ASSERTIONS = NO;
				ENABLE_STRICT_OBJC_MSGSEND = YES;
				GCC_C_LANGUAGE_STANDARD = gnu11;
				GCC_NO_COMMON_BLOCKS = YES;
				GCC_WARN_64_TO_32_BIT_CONVERSION = YES;
				GCC_WARN_ABOUT_RETURN_TYPE = YES_ERROR;
				GCC_WARN_UNDECLARED_SELECTOR = YES;
				GCC_WARN_UNINITIALIZED_AUTOS = YES_AGGRESSIVE;
				GCC_WARN_UNUSED_FUNCTION = YES;
				GCC_WARN_UNUSED_VARIABLE = YES;
				IPHONEOS_DEPLOYMENT_TARGET = 16.1;
				MTL_ENABLE_DEBUG_INFO = NO;
				MTL_FAST_MATH = YES;
				SDKROOT = iphoneos;
				SWIFT_COMPILATION_MODE = wholemodule;
				SWIFT_OPTIMIZATION_LEVEL = "-O";
				VALIDATE_PRODUCT = YES;
			};
			name = Release;
		};
		09279F1A29470FAF008EC6FA /* Debug */ = {
			isa = XCBuildConfiguration;
			buildSettings = {
				ALWAYS_EMBED_SWIFT_STANDARD_LIBRARIES = YES;
				ASSETCATALOG_COMPILER_APPICON_NAME = AppIcon;
				ASSETCATALOG_COMPILER_GLOBAL_ACCENT_COLOR_NAME = AccentColor;
				CODE_SIGN_STYLE = Automatic;
				CURRENT_PROJECT_VERSION = 1;
				DEVELOPMENT_ASSET_PATHS = "\"LockScreen Dock/Preview Content\"";
				DEVELOPMENT_TEAM = B2TN6DQ93U;
				ENABLE_PREVIEWS = YES;
				GENERATE_INFOPLIST_FILE = YES;
				INFOPLIST_FILE = "LockScreen-Dock-Info.plist";
				INFOPLIST_KEY_NSSupportsLiveActivities = YES;
				INFOPLIST_KEY_UIApplicationSceneManifest_Generation = YES;
				INFOPLIST_KEY_UIApplicationSupportsIndirectInputEvents = YES;
				INFOPLIST_KEY_UILaunchScreen_Generation = YES;
				INFOPLIST_KEY_UISupportedInterfaceOrientations_iPad = "UIInterfaceOrientationPortrait UIInterfaceOrientationPortraitUpsideDown UIInterfaceOrientationLandscapeLeft UIInterfaceOrientationLandscapeRight";
				INFOPLIST_KEY_UISupportedInterfaceOrientations_iPhone = "UIInterfaceOrientationPortrait UIInterfaceOrientationLandscapeLeft UIInterfaceOrientationLandscapeRight";
				LD_RUNPATH_SEARCH_PATHS = (
					"$(inherited)",
					"@executable_path/Frameworks",
				);
				MARKETING_VERSION = 1.0;
				PRODUCT_BUNDLE_IDENTIFIER = "com.MacBookPro.self.LockScreen-Dock";
				PRODUCT_NAME = "$(TARGET_NAME)";
				SWIFT_EMIT_LOC_STRINGS = YES;
				SWIFT_VERSION = 5.0;
				TARGETED_DEVICE_FAMILY = "1,2";
			};
			name = Debug;
		};
		09279F1B29470FAF008EC6FA /* Release */ = {
			isa = XCBuildConfiguration;
			buildSettings = {
				ALWAYS_EMBED_SWIFT_STANDARD_LIBRARIES = YES;
				ASSETCATALOG_COMPILER_APPICON_NAME = AppIcon;
				ASSETCATALOG_COMPILER_GLOBAL_ACCENT_COLOR_NAME = AccentColor;
				CODE_SIGN_STYLE = Automatic;
				CURRENT_PROJECT_VERSION = 1;
				DEVELOPMENT_ASSET_PATHS = "\"LockScreen Dock/Preview Content\"";
				DEVELOPMENT_TEAM = B2TN6DQ93U;
				ENABLE_PREVIEWS = YES;
				GENERATE_INFOPLIST_FILE = YES;
				INFOPLIST_FILE = "LockScreen-Dock-Info.plist";
				INFOPLIST_KEY_NSSupportsLiveActivities = YES;
				INFOPLIST_KEY_UIApplicationSceneManifest_Generation = YES;
				INFOPLIST_KEY_UIApplicationSupportsIndirectInputEvents = YES;
				INFOPLIST_KEY_UILaunchScreen_Generation = YES;
				INFOPLIST_KEY_UISupportedInterfaceOrientations_iPad = "UIInterfaceOrientationPortrait UIInterfaceOrientationPortraitUpsideDown UIInterfaceOrientationLandscapeLeft UIInterfaceOrientationLandscapeRight";
				INFOPLIST_KEY_UISupportedInterfaceOrientations_iPhone = "UIInterfaceOrientationPortrait UIInterfaceOrientationLandscapeLeft UIInterfaceOrientationLandscapeRight";
				LD_RUNPATH_SEARCH_PATHS = (
					"$(inherited)",
					"@executable_path/Frameworks",
				);
				MARKETING_VERSION = 1.0;
				PRODUCT_BUNDLE_IDENTIFIER = "com.MacBookPro.self.LockScreen-Dock";
				PRODUCT_NAME = "$(TARGET_NAME)";
				SWIFT_EMIT_LOC_STRINGS = YES;
				SWIFT_VERSION = 5.0;
				TARGETED_DEVICE_FAMILY = "1,2";
			};
			name = Release;
		};
		09F5C19129472F4000F40C9D /* Debug */ = {
			isa = XCBuildConfiguration;
			buildSettings = {
				ASSETCATALOG_COMPILER_GLOBAL_ACCENT_COLOR_NAME = AccentColor;
				ASSETCATALOG_COMPILER_WIDGET_BACKGROUND_COLOR_NAME = WidgetBackground;
				CODE_SIGN_STYLE = Automatic;
				CURRENT_PROJECT_VERSION = 1;
				DEVELOPMENT_TEAM = B2TN6DQ93U;
				GENERATE_INFOPLIST_FILE = YES;
				INFOPLIST_FILE = Dock/Info.plist;
				INFOPLIST_KEY_CFBundleDisplayName = Dock;
				INFOPLIST_KEY_NSHumanReadableCopyright = "";
				LD_RUNPATH_SEARCH_PATHS = (
					"$(inherited)",
					"@executable_path/Frameworks",
					"@executable_path/../../Frameworks",
				);
				MARKETING_VERSION = 1.0;
				PRODUCT_BUNDLE_IDENTIFIER = "com.MacBookPro.self.LockScreen-Dock.Dock";
				PRODUCT_NAME = "$(TARGET_NAME)";
				SKIP_INSTALL = YES;
				SWIFT_EMIT_LOC_STRINGS = YES;
				SWIFT_VERSION = 5.0;
				TARGETED_DEVICE_FAMILY = "1,2";
			};
			name = Debug;
		};
		09F5C19229472F4000F40C9D /* Release */ = {
			isa = XCBuildConfiguration;
			buildSettings = {
				ASSETCATALOG_COMPILER_GLOBAL_ACCENT_COLOR_NAME = AccentColor;
				ASSETCATALOG_COMPILER_WIDGET_BACKGROUND_COLOR_NAME = WidgetBackground;
				CODE_SIGN_STYLE = Automatic;
				CURRENT_PROJECT_VERSION = 1;
				DEVELOPMENT_TEAM = B2TN6DQ93U;
				GENERATE_INFOPLIST_FILE = YES;
				INFOPLIST_FILE = Dock/Info.plist;
				INFOPLIST_KEY_CFBundleDisplayName = Dock;
				INFOPLIST_KEY_NSHumanReadableCopyright = "";
				LD_RUNPATH_SEARCH_PATHS = (
					"$(inherited)",
					"@executable_path/Frameworks",
					"@executable_path/../../Frameworks",
				);
				MARKETING_VERSION = 1.0;
				PRODUCT_BUNDLE_IDENTIFIER = "com.MacBookPro.self.LockScreen-Dock.Dock";
				PRODUCT_NAME = "$(TARGET_NAME)";
				SKIP_INSTALL = YES;
				SWIFT_EMIT_LOC_STRINGS = YES;
				SWIFT_VERSION = 5.0;
				TARGETED_DEVICE_FAMILY = "1,2";
			};
			name = Release;
		};
/* End XCBuildConfiguration section */

/* Begin XCConfigurationList section */
		09279F0629470FAC008EC6FA /* Build configuration list for PBXProject "LockScreen Dock" */ = {
			isa = XCConfigurationList;
			buildConfigurations = (
				09279F1729470FAF008EC6FA /* Debug */,
				09279F1829470FAF008EC6FA /* Release */,
			);
			defaultConfigurationIsVisible = 0;
			defaultConfigurationName = Release;
		};
		09279F1929470FAF008EC6FA /* Build configuration list for PBXNativeTarget "LockScreen Dock" */ = {
			isa = XCConfigurationList;
			buildConfigurations = (
				09279F1A29470FAF008EC6FA /* Debug */,
				09279F1B29470FAF008EC6FA /* Release */,
			);
			defaultConfigurationIsVisible = 0;
			defaultConfigurationName = Release;
		};
		09F5C19029472F4000F40C9D /* Build configuration list for PBXNativeTarget "DockExtension" */ = {
			isa = XCConfigurationList;
			buildConfigurations = (
				09F5C19129472F4000F40C9D /* Debug */,
				09F5C19229472F4000F40C9D /* Release */,
			);
			defaultConfigurationIsVisible = 0;
			defaultConfigurationName = Release;
		};
/* End XCConfigurationList section */
	};
	rootObject = 09279F0329470FAC008EC6FA /* Project object */;
}
